<?xml version="1.0" encoding="utf-8"?>
<Project ToolsVersion="4.0" xmlns="http://schemas.microsoft.com/developer/msbuild/2003">
  <ItemGroup>
    <Filter Include="Arquivos de Origem">
      <UniqueIdentifier>{4FC737F1-C7A5-4376-A066-2A32D752A2FF}</UniqueIdentifier>
      <Extensions>cpp;c;cc;cxx;c++;cppm;ixx;def;odl;idl;hpj;bat;asm;asmx</Extensions>
    </Filter>
    <Filter Include="Arquivos de Cabeçalho">
      <UniqueIdentifier>{93995380-89BD-4b04-88EB-625FBE52EBFB}</UniqueIdentifier>
      <Extensions>h;hh;hpp;hxx;h++;hm;inl;inc;ipp;xsd</Extensions>
    </Filter>
    <Filter Include="Arquivos de Recurso">
      <UniqueIdentifier>{67DA6AB6-F800-4c08-8B7A-83BB121AAD01}</UniqueIdentifier>
      <Extensions>rc;ico;cur;bmp;dlg;rc2;rct;bin;rgs;gif;jpg;jpeg;jpe;resx;tiff;tif;png;wav;mfcribbon-ms</Extensions>
    </Filter>
    <Filter Include="Arquivos de Origem\Resources">
      <UniqueIdentifier>{d3b6e9a4-ee94-49bb-9aff-48cd96e0f05a}</UniqueIdentifier>
    </Filter>
    <Filter Include="Arquivos de Origem\Resources\ShaderFiles">
      <UniqueIdentifier>{6c36973e-9dbb-47c5-abd0-ab418ed4974b}</UniqueIdentifier>
    </Filter>
    <Filter Include="Arquivos de Origem\Shader">
      <UniqueIdentifier>{7b0fe7d3-5c11-484f-87dc-9eee0b7283c6}</UniqueIdentifier>
    </Filter>
    <Filter Include="Arquivos de Origem\Program">
      <UniqueIdentifier>{f834f3de-0a2d-41e4-a74c-1617ee701a9c}</UniqueIdentifier>
    </Filter>
    <Filter Include="Arquivos de Origem\Model">
      <UniqueIdentifier>{e29d29df-0ce6-4162-8257-5fe38c110de2}</UniqueIdentifier>
    </Filter>
    <Filter Include="Arquivos de Origem\Geometry">
      <UniqueIdentifier>{31e517a5-dfbb-4d56-9bf0-2e0e5da3a274}</UniqueIdentifier>
    </Filter>
    <Filter Include="Arquivos de Origem\Vectors">
      <UniqueIdentifier>{f8e2b3bd-707f-4d9a-b7c4-7c3f5a29ab66}</UniqueIdentifier>
    </Filter>
    <Filter Include="Arquivos de Origem\Callbacks">
      <UniqueIdentifier>{7c154a9e-f965-4c6b-b1de-a99042ec821d}</UniqueIdentifier>
    </Filter>
  </ItemGroup>
  <ItemGroup>
    <ClCompile Include="Origem.cpp">
      <Filter>Arquivos de Origem</Filter>
    </ClCompile>
    <ClCompile Include="..\glad.c">
      <Filter>Arquivos de Origem</Filter>
    </ClCompile>
    <ClCompile Include="Shader.cpp">
      <Filter>Arquivos de Origem\Shader</Filter>
    </ClCompile>
    <ClCompile Include="Program.cpp">
      <Filter>Arquivos de Origem\Program</Filter>
    </ClCompile>
    <ClCompile Include="Model.cpp">
      <Filter>Arquivos de Origem\Model</Filter>
    </ClCompile>
    <ClCompile Include="Geometry.cpp">
      <Filter>Arquivos de Origem\Geometry</Filter>
    </ClCompile>
  </ItemGroup>
  <ItemGroup>
    <ClInclude Include="Shader.h">
      <Filter>Arquivos de Origem\Shader</Filter>
    </ClInclude>
    <ClInclude Include="Program.h">
      <Filter>Arquivos de Origem\Program</Filter>
    </ClInclude>
    <ClInclude Include="Model.h">
      <Filter>Arquivos de Origem\Model</Filter>
    </ClInclude>
    <ClInclude Include="Geometry.h">
      <Filter>Arquivos de Origem\Geometry</Filter>
    </ClInclude>
    <ClInclude Include="Vectors.h">
      <Filter>Arquivos de Origem\Vectors</Filter>
    </ClInclude>
    <ClInclude Include="MouseCallback.h">
      <Filter>Arquivos de Origem\Callbacks</Filter>
    </ClInclude>
    <ClInclude Include="KeyboardCallback.h">
      <Filter>Arquivos de Origem\Callbacks</Filter>
    </ClInclude>
    <ClInclude Include="ScrollCallback.h">
      <Filter>Arquivos de Origem\Callbacks</Filter>
    </ClInclude>
  </ItemGroup>
  <ItemGroup>
    <None Include="Resources\ShaderFiles\vertexShader.vs">
      <Filter>Arquivos de Origem\Resources\ShaderFiles</Filter>
    </None>
    <None Include="Resources\ShaderFiles\fragmentShader.fs">
      <Filter>Arquivos de Origem\Resources\ShaderFiles</Filter>
    </None>
  </ItemGroup>
</Project>